
Microsoft Visual Studio Solution File, Format Version 11.00
# Visual Studio 2010
Project("{FAE04EC0-301F-11D3-BF4B-00C04F79EFBC}") = "Assembly-CSharp", "Assembly-CSharp.csproj", "{DBF3B2E1-0D90-2909-F21E-611088EAA85D}"
EndProject
Project("{FAE04EC0-301F-11D3-BF4B-00C04F79EFBC}") = "Assembly-CSharp-Editor", "Assembly-CSharp-Editor.csproj", "{9E25C958-A19F-A2C1-DA5E-E2B6432D8CEA}"
EndProject
Global
	GlobalSection(SolutionConfigurationPlatforms) = preSolution
		Debug|Any CPU = Debug|Any CPU
		Release|Any CPU = Release|Any CPU
	EndGlobalSection
	GlobalSection(ProjectConfigurationPlatforms) = postSolution
		{DBF3B2E1-0D90-2909-F21E-611088EAA85D}.Debug|Any CPU.ActiveCfg = Debug|Any CPU
		{DBF3B2E1-0D90-2909-F21E-611088EAA85D}.Debug|Any CPU.Build.0 = Debug|Any CPU
		{DBF3B2E1-0D90-2909-F21E-611088EAA85D}.Release|Any CPU.ActiveCfg = Release|Any CPU
		{DBF3B2E1-0D90-2909-F21E-611088EAA85D}.Release|Any CPU.Build.0 = Release|Any CPU
		{9E25C958-A19F-A2C1-DA5E-E2B6432D8CEA}.Debug|Any CPU.ActiveCfg = Debug|Any CPU
		{9E25C958-A19F-A2C1-DA5E-E2B6432D8CEA}.Debug|Any CPU.Build.0 = Debug|Any CPU
		{9E25C958-A19F-A2C1-DA5E-E2B6432D8CEA}.Release|Any CPU.ActiveCfg = Release|Any CPU
		{9E25C958-A19F-A2C1-DA5E-E2B6432D8CEA}.Release|Any CPU.Build.0 = Release|Any CPU
	EndGlobalSection
	GlobalSection(SolutionProperties) = preSolution
		HideSolutionNode = FALSE
	EndGlobalSection
EndGlobal
