
Microsoft Visual Studio Solution File, Format Version 11.00
# Visual Studio 2010
Project("{FAE04EC0-301F-11D3-BF4B-00C04F79EFBC}") = "Assembly-CSharp", "Assembly-CSharp.csproj", "{DBF3B2E1-0D90-2909-F21E-611088EAA85D}"
EndProject
Project("{FAE04EC0-301F-11D3-BF4B-00C04F79EFBC}") = "PhotonBolt", "PhotonBolt.csproj", "{A5F0138B-CD9D-2DF5-6E39-105F9F368102}"
EndProject
Project("{FAE04EC0-301F-11D3-BF4B-00C04F79EFBC}") = "PhotonRealtime", "PhotonRealtime.csproj", "{E2B646D3-108A-A990-9960-0E2DBCCC2280}"
EndProject
Project("{FAE04EC0-301F-11D3-BF4B-00C04F79EFBC}") = "PhotonWebSocket", "PhotonWebSocket.csproj", "{98FB235A-AE52-F2A5-5FF9-6ACF4769CB28}"
EndProject
Project("{FAE04EC0-301F-11D3-BF4B-00C04F79EFBC}") = "PhotonBolt-Editor", "PhotonBolt-Editor.csproj", "{3896769C-D837-F011-CDE9-678A6A6DE970}"
EndProject
Project("{FAE04EC0-301F-11D3-BF4B-00C04F79EFBC}") = "Assembly-CSharp-Editor", "Assembly-CSharp-Editor.csproj", "{9E25C958-A19F-A2C1-DA5E-E2B6432D8CEA}"
EndProject
Global
	GlobalSection(SolutionConfigurationPlatforms) = preSolution
		Debug|Any CPU = Debug|Any CPU
		Release|Any CPU = Release|Any CPU
	EndGlobalSection
	GlobalSection(ProjectConfigurationPlatforms) = postSolution
		{DBF3B2E1-0D90-2909-F21E-611088EAA85D}.Debug|Any CPU.ActiveCfg = Debug|Any CPU
		{DBF3B2E1-0D90-2909-F21E-611088EAA85D}.Debug|Any CPU.Build.0 = Debug|Any CPU
		{DBF3B2E1-0D90-2909-F21E-611088EAA85D}.Release|Any CPU.ActiveCfg = Release|Any CPU
		{DBF3B2E1-0D90-2909-F21E-611088EAA85D}.Release|Any CPU.Build.0 = Release|Any CPU
		{A5F0138B-CD9D-2DF5-6E39-105F9F368102}.Debug|Any CPU.ActiveCfg = Debug|Any CPU
		{A5F0138B-CD9D-2DF5-6E39-105F9F368102}.Debug|Any CPU.Build.0 = Debug|Any CPU
		{A5F0138B-CD9D-2DF5-6E39-105F9F368102}.Release|Any CPU.ActiveCfg = Release|Any CPU
		{A5F0138B-CD9D-2DF5-6E39-105F9F368102}.Release|Any CPU.Build.0 = Release|Any CPU
		{E2B646D3-108A-A990-9960-0E2DBCCC2280}.Debug|Any CPU.ActiveCfg = Debug|Any CPU
		{E2B646D3-108A-A990-9960-0E2DBCCC2280}.Debug|Any CPU.Build.0 = Debug|Any CPU
		{E2B646D3-108A-A990-9960-0E2DBCCC2280}.Release|Any CPU.ActiveCfg = Release|Any CPU
		{E2B646D3-108A-A990-9960-0E2DBCCC2280}.Release|Any CPU.Build.0 = Release|Any CPU
		{98FB235A-AE52-F2A5-5FF9-6ACF4769CB28}.Debug|Any CPU.ActiveCfg = Debug|Any CPU
		{98FB235A-AE52-F2A5-5FF9-6ACF4769CB28}.Debug|Any CPU.Build.0 = Debug|Any CPU
		{98FB235A-AE52-F2A5-5FF9-6ACF4769CB28}.Release|Any CPU.ActiveCfg = Release|Any CPU
		{98FB235A-AE52-F2A5-5FF9-6ACF4769CB28}.Release|Any CPU.Build.0 = Release|Any CPU
		{3896769C-D837-F011-CDE9-678A6A6DE970}.Debug|Any CPU.ActiveCfg = Debug|Any CPU
		{3896769C-D837-F011-CDE9-678A6A6DE970}.Debug|Any CPU.Build.0 = Debug|Any CPU
		{3896769C-D837-F011-CDE9-678A6A6DE970}.Release|Any CPU.ActiveCfg = Release|Any CPU
		{3896769C-D837-F011-CDE9-678A6A6DE970}.Release|Any CPU.Build.0 = Release|Any CPU
		{9E25C958-A19F-A2C1-DA5E-E2B6432D8CEA}.Debug|Any CPU.ActiveCfg = Debug|Any CPU
		{9E25C958-A19F-A2C1-DA5E-E2B6432D8CEA}.Debug|Any CPU.Build.0 = Debug|Any CPU
		{9E25C958-A19F-A2C1-DA5E-E2B6432D8CEA}.Release|Any CPU.ActiveCfg = Release|Any CPU
		{9E25C958-A19F-A2C1-DA5E-E2B6432D8CEA}.Release|Any CPU.Build.0 = Release|Any CPU
	EndGlobalSection
	GlobalSection(SolutionProperties) = preSolution
		HideSolutionNode = FALSE
	EndGlobalSection
EndGlobal
